
Microsoft Visual Studio Solution File, Format Version 12.00
# Visual Studio Version 17
VisualStudioVersion = 17.5.33424.131
MinimumVisualStudioVersion = 10.0.40219.1
Project("{F184B08F-C81C-45F6-A57F-5ABD9991F28F}") = "ZPL_Demo", "ZPL_Demo.vbproj", "{BBA4557E-2D16-4CBC-9E9E-82D8867A4F79}"
EndProject
Global
	GlobalSection(SolutionConfigurationPlatforms) = preSolution
		Debug|Any CPU = Debug|Any CPU
		Release|Any CPU = Release|Any CPU
	EndGlobalSection
	GlobalSection(ProjectConfigurationPlatforms) = postSolution
		{BBA4557E-2D16-4CBC-9E9E-82D8867A4F79}.Debug|Any CPU.ActiveCfg = Debug|Any CPU
		{BBA4557E-2D16-4CBC-9E9E-82D8867A4F79}.Debug|Any CPU.Build.0 = Debug|Any CPU
		{BBA4557E-2D16-4CBC-9E9E-82D8867A4F79}.Release|Any CPU.ActiveCfg = Release|Any CPU
		{BBA4557E-2D16-4CBC-9E9E-82D8867A4F79}.Release|Any CPU.Build.0 = Release|Any CPU
	EndGlobalSection
	GlobalSection(SolutionProperties) = preSolution
		HideSolutionNode = FALSE
	EndGlobalSection
	GlobalSection(ExtensibilityGlobals) = postSolution
		SolutionGuid = {9C033C05-FD60-4032-B190-FFE67A974996}
	EndGlobalSection
EndGlobal
